
Microsoft Visual Studio Solution File, Format Version 12.00
# Visual Studio Version 17
VisualStudioVersion = 17.5.002.0
MinimumVisualStudioVersion = 10.0.40219.1
Project("{9A19103F-16F7-4668-BE54-9A1E7A4F7556}") = "WebAPI", "WebAPI.csproj", "{4217468C-92DF-460C-9378-D9BCB354CF72}"
EndProject
Global
	GlobalSection(SolutionConfigurationPlatforms) = preSolution
		Debug|Any CPU = Debug|Any CPU
		Release|Any CPU = Release|Any CPU
	EndGlobalSection
	GlobalSection(ProjectConfigurationPlatforms) = postSolution
		{4217468C-92DF-460C-9378-D9BCB354CF72}.Debug|Any CPU.ActiveCfg = Debug|Any CPU
		{4217468C-92DF-460C-9378-D9BCB354CF72}.Debug|Any CPU.Build.0 = Debug|Any CPU
		{4217468C-92DF-460C-9378-D9BCB354CF72}.Release|Any CPU.ActiveCfg = Release|Any CPU
		{4217468C-92DF-460C-9378-D9BCB354CF72}.Release|Any CPU.Build.0 = Release|Any CPU
	EndGlobalSection
	GlobalSection(SolutionProperties) = preSolution
		HideSolutionNode = FALSE
	EndGlobalSection
	GlobalSection(ExtensibilityGlobals) = postSolution
		SolutionGuid = {F7F1DCDE-9DB6-4D0C-9307-AE8479758177}
	EndGlobalSection
EndGlobal
